github.com/pavel-v-chernykh/keystore-go/v4 v4.3.0 h1:TVckDDIKzWo9/cPdsvyikdmnnKIPeWgnGoekhQM5zBc=
github.com/pavel-v-chernykh/keystore-go/v4 v4.3.0/go.mod h1:VxOBKEAW8/EJjil9qwfvVDSljDW0DCoZMD4ezsq9n8U=
golang.org/x/crypto v0.53.0 h1:QZ4Muo8THX6CizN2vPPd5fBGHyogrdK9fG4wLPFUsto=
golang.org/x/crypto v0.53.0/go.mod h1:DNLU434OwVakk9PzuwV8w62mAJpRJL3vsgcfp4Qnsio=
software.sslmate.com/src/go-pkcs12 v0.4.0 h1:H2g08FrTvSFKUj+D309j1DPfk5APnIdAQAB8aEykJ5k=
software.sslmate.com/src/go-pkcs12 v0.4.0/go.mod h1:Qiz0EyvDRJjjxGyUQa2cCNZn/wMyzrRJ/qcDXOQazLI=
